// !$*UTF8*$!
{
	archiveVersion = 1;
	classes = {
	};
	objectVersion = 56;
	objects = {

/* Begin PBXBuildFile section */
		B4EAD40829F6D7D7002A861B /* Day5App.swift in Sources */ = {isa = PBXBuildFile; fileRef = B4EAD40729F6D7D7002A861B /* Day5App.swift */; };
		B4EAD40A29F6D7D7002A861B /* Day5View.swift in Sources */ = {isa = PBXBuildFile; fileRef = B4EAD40929F6D7D7002A861B /* Day5View.swift */; };
		B4EAD40C29F6D7D9002A861B /* Assets.xcassets in Resources */ = {isa = PBXBuildFile; fileRef = B4EAD40B29F6D7D9002A861B /* Assets.xcassets */; };
		B4EAD40F29F6D7D9002A861B /* Preview Assets.xcassets in Resources */ = {isa = PBXBuildFile; fileRef = B4EAD40E29F6D7D9002A861B /* Preview Assets.xcassets */; };
		B4EAD41629F6D9B7002A861B /* Day5ModelView.swift in Sources */ = {isa = PBXBuildFile; fileRef = B4EAD41529F6D9B7002A861B /* Day5ModelView.swift */; };
		B4EAD41829F6DAE2002A861B /* Day5Model.swift in Sources */ = {isa = PBXBuildFile; fileRef = B4EAD41729F6DAE2002A861B /* Day5Model.swift */; };
		B4EAD41A29F6E3BB002A861B /* Solver.swift in Sources */ = {isa = PBXBuildFile; fileRef = B4EAD41929F6E3BB002A861B /* Solver.swift */; };
		B4EAD41C29F6E6FE002A861B /* Part2Solver.swift in Sources */ = {isa = PBXBuildFile; fileRef = B4EAD41B29F6E6FE002A861B /* Part2Solver.swift */; };
/* End PBXBuildFile section */

/* Begin PBXFileReference section */
		B4EAD40429F6D7D7002A861B /* Advent of Code 2016 Day 5.app */ = {isa = PBXFileReference; explicitFileType = wrapper.application; includeInIndex = 0; path = "Advent of Code 2016 Day 5.app"; sourceTree = BUILT_PRODUCTS_DIR; };
		B4EAD40729F6D7D7002A861B /* Day5App.swift */ = {isa = PBXFileReference; lastKnownFileType = sourcecode.swift; path = Day5App.swift; sourceTree = "<group>"; };
		B4EAD40929F6D7D7002A861B /* Day5View.swift */ = {isa = PBXFileReference; lastKnownFileType = sourcecode.swift; path = Day5View.swift; sourceTree = "<group>"; };
		B4EAD40B29F6D7D9002A861B /* Assets.xcassets */ = {isa = PBXFileReference; lastKnownFileType = folder.assetcatalog; path = Assets.xcassets; sourceTree = "<group>"; };
		B4EAD40E29F6D7D9002A861B /* Preview Assets.xcassets */ = {isa = PBXFileReference; lastKnownFileType = folder.assetcatalog; path = "Preview Assets.xcassets"; sourceTree = "<group>"; };
		B4EAD41529F6D9B7002A861B /* Day5ModelView.swift */ = {isa = PBXFileReference; lastKnownFileType = sourcecode.swift; path = Day5ModelView.swift; sourceTree = "<group>"; };
		B4EAD41729F6DAE2002A861B /* Day5Model.swift */ = {isa = PBXFileReference; lastKnownFileType = sourcecode.swift; path = Day5Model.swift; sourceTree = "<group>"; };
		B4EAD41929F6E3BB002A861B /* Solver.swift */ = {isa = PBXFileReference; lastKnownFileType = sourcecode.swift; path = Solver.swift; sourceTree = "<group>"; };
		B4EAD41B29F6E6FE002A861B /* Part2Solver.swift */ = {isa = PBXFileReference; lastKnownFileType = sourcecode.swift; path = Part2Solver.swift; sourceTree = "<group>"; };
/* End PBXFileReference section */

/* Begin PBXFrameworksBuildPhase section */
		B4EAD40129F6D7D7002A861B /* Frameworks */ = {
			isa = PBXFrameworksBuildPhase;
			buildActionMask = 2147483647;
			files = (
			);
			runOnlyForDeploymentPostprocessing = 0;
		};
/* End PBXFrameworksBuildPhase section */

/* Begin PBXGroup section */
		B4EAD3FB29F6D7D7002A861B = {
			isa = PBXGroup;
			children = (
				B4EAD40629F6D7D7002A861B /* Advent of Code 2016 Day 5 */,
				B4EAD40529F6D7D7002A861B /* Products */,
			);
			sourceTree = "<group>";
		};
		B4EAD40529F6D7D7002A861B /* Products */ = {
			isa = PBXGroup;
			children = (
				B4EAD40429F6D7D7002A861B /* Advent of Code 2016 Day 5.app */,
			);
			name = Products;
			sourceTree = "<group>";
		};
		B4EAD40629F6D7D7002A861B /* Advent of Code 2016 Day 5 */ = {
			isa = PBXGroup;
			children = (
				B4EAD40729F6D7D7002A861B /* Day5App.swift */,
				B4EAD40929F6D7D7002A861B /* Day5View.swift */,
				B4EAD40B29F6D7D9002A861B /* Assets.xcassets */,
				B4EAD40D29F6D7D9002A861B /* Preview Content */,
				B4EAD41529F6D9B7002A861B /* Day5ModelView.swift */,
				B4EAD41729F6DAE2002A861B /* Day5Model.swift */,
				B4EAD41929F6E3BB002A861B /* Solver.swift */,
				B4EAD41B29F6E6FE002A861B /* Part2Solver.swift */,
			);
			path = "Advent of Code 2016 Day 5";
			sourceTree = "<group>";
		};
		B4EAD40D29F6D7D9002A861B /* Preview Content */ = {
			isa = PBXGroup;
			children = (
				B4EAD40E29F6D7D9002A861B /* Preview Assets.xcassets */,
			);
			path = "Preview Content";
			sourceTree = "<group>";
		};
/* End PBXGroup section */

/* Begin PBXNativeTarget section */
		B4EAD40329F6D7D7002A861B /* Advent of Code 2016 Day 5 */ = {
			isa = PBXNativeTarget;
			buildConfigurationList = B4EAD41229F6D7D9002A861B /* Build configuration list for PBXNativeTarget "Advent of Code 2016 Day 5" */;
			buildPhases = (
				B4EAD40029F6D7D7002A861B /* Sources */,
				B4EAD40129F6D7D7002A861B /* Frameworks */,
				B4EAD40229F6D7D7002A861B /* Resources */,
			);
			buildRules = (
			);
			dependencies = (
			);
			name = "Advent of Code 2016 Day 5";
			productName = "Advent of Code 2016 Day 5";
			productReference = B4EAD40429F6D7D7002A861B /* Advent of Code 2016 Day 5.app */;
			productType = "com.apple.product-type.application";
		};
/* End PBXNativeTarget section */

/* Begin PBXProject section */
		B4EAD3FC29F6D7D7002A861B /* Project object */ = {
			isa = PBXProject;
			attributes = {
				BuildIndependentTargetsInParallel = 1;
				LastSwiftUpdateCheck = 1430;
				LastUpgradeCheck = 1430;
				TargetAttributes = {
					B4EAD40329F6D7D7002A861B = {
						CreatedOnToolsVersion = 14.3;
					};
				};
			};
			buildConfigurationList = B4EAD3FF29F6D7D7002A861B /* Build configuration list for PBXProject "Advent of Code 2016 Day 5" */;
			compatibilityVersion = "Xcode 14.0";
			developmentRegion = en;
			hasScannedForEncodings = 0;
			knownRegions = (
				en,
				Base,
			);
			mainGroup = B4EAD3FB29F6D7D7002A861B;
			productRefGroup = B4EAD40529F6D7D7002A861B /* Products */;
			projectDirPath = "";
			projectRoot = "";
			targets = (
				B4EAD40329F6D7D7002A861B /* Advent of Code 2016 Day 5 */,
			);
		};
/* End PBXProject section */

/* Begin PBXResourcesBuildPhase section */
		B4EAD40229F6D7D7002A861B /* Resources */ = {
			isa = PBXResourcesBuildPhase;
			buildActionMask = 2147483647;
			files = (
				B4EAD40F29F6D7D9002A861B /* Preview Assets.xcassets in Resources */,
				B4EAD40C29F6D7D9002A861B /* Assets.xcassets in Resources */,
			);
			runOnlyForDeploymentPostprocessing = 0;
		};
/* End PBXResourcesBuildPhase section */

/* Begin PBXSourcesBuildPhase section */
		B4EAD40029F6D7D7002A861B /* Sources */ = {
			isa = PBXSourcesBuildPhase;
			buildActionMask = 2147483647;
			files = (
				B4EAD40A29F6D7D7002A861B /* Day5View.swift in Sources */,
				B4EAD40829F6D7D7002A861B /* Day5App.swift in Sources */,
				B4EAD41829F6DAE2002A861B /* Day5Model.swift in Sources */,
				B4EAD41629F6D9B7002A861B /* Day5ModelView.swift in Sources */,
				B4EAD41C29F6E6FE002A861B /* Part2Solver.swift in Sources */,
				B4EAD41A29F6E3BB002A861B /* Solver.swift in Sources */,
			);
			runOnlyForDeploymentPostprocessing = 0;
		};
/* End PBXSourcesBuildPhase section */

/* Begin XCBuildConfiguration section */
		B4EAD41029F6D7D9002A861B /* Debug */ = {
			isa = XCBuildConfiguration;
			buildSettings = {
				ALWAYS_SEARCH_USER_PATHS = NO;
				CLANG_ANALYZER_NONNULL = YES;
				CLANG_ANALYZER_NUMBER_OBJECT_CONVERSION = YES_AGGRESSIVE;
				CLANG_CXX_LANGUAGE_STANDARD = "gnu++20";
				CLANG_ENABLE_MODULES = YES;
				CLANG_ENABLE_OBJC_ARC = YES;
				CLANG_ENABLE_OBJC_WEAK = YES;
				CLANG_WARN_BLOCK_CAPTURE_AUTORELEASING = YES;
				CLANG_WARN_BOOL_CONVERSION = YES;
				CLANG_WARN_COMMA = YES;
				CLANG_WARN_CONSTANT_CONVERSION = YES;
				CLANG_WARN_DEPRECATED_OBJC_IMPLEMENTATIONS = YES;
				CLANG_WARN_DIRECT_OBJC_ISA_USAGE = YES_ERROR;
				CLANG_WARN_DOCUMENTATION_COMMENTS = YES;
				CLANG_WARN_EMPTY_BODY = YES;
				CLANG_WARN_ENUM_CONVERSION = YES;
				CLANG_WARN_INFINITE_RECURSION = YES;
				CLANG_WARN_INT_CONVERSION = YES;
				CLANG_WARN_NON_LITERAL_NULL_CONVERSION = YES;
				CLANG_WARN_OBJC_IMPLICIT_RETAIN_SELF = YES;
				CLANG_WARN_OBJC_LITERAL_CONVERSION = YES;
				CLANG_WARN_OBJC_ROOT_CLASS = YES_ERROR;
				CLANG_WARN_QUOTED_INCLUDE_IN_FRAMEWORK_HEADER = YES;
				CLANG_WARN_RANGE_LOOP_ANALYSIS = YES;
				CLANG_WARN_STRICT_PROTOTYPES = YES;
				CLANG_WARN_SUSPICIOUS_MOVE = YES;
				CLANG_WARN_UNGUARDED_AVAILABILITY = YES_AGGRESSIVE;
				CLANG_WARN_UNREACHABLE_CODE = YES;
				CLANG_WARN__DUPLICATE_METHOD_MATCH = YES;
				COPY_PHASE_STRIP = NO;
				DEBUG_INFORMATION_FORMAT = dwarf;
				ENABLE_STRICT_OBJC_MSGSEND = YES;
				ENABLE_TESTABILITY = YES;
				GCC_C_LANGUAGE_STANDARD = gnu11;
				GCC_DYNAMIC_NO_PIC = NO;
				GCC_NO_COMMON_BLOCKS = YES;
				GCC_OPTIMIZATION_LEVEL = 0;
				GCC_PREPROCESSOR_DEFINITIONS = (
					"DEBUG=1",
					"$(inherited)",
				);
				GCC_WARN_64_TO_32_BIT_CONVERSION = YES;
				GCC_WARN_ABOUT_RETURN_TYPE = YES_ERROR;
				GCC_WARN_UNDECLARED_SELECTOR = YES;
				GCC_WARN_UNINITIALIZED_AUTOS = YES_AGGRESSIVE;
				GCC_WARN_UNUSED_FUNCTION = YES;
				GCC_WARN_UNUSED_VARIABLE = YES;
				IPHONEOS_DEPLOYMENT_TARGET = 16.4;
				MTL_ENABLE_DEBUG_INFO = INCLUDE_SOURCE;
				MTL_FAST_MATH = YES;
				ONLY_ACTIVE_ARCH = YES;
				SDKROOT = iphoneos;
				SWIFT_ACTIVE_COMPILATION_CONDITIONS = DEBUG;
				SWIFT_OPTIMIZATION_LEVEL = "-Onone";
			};
			name = Debug;
		};
		B4EAD41129F6D7D9002A861B /* Release */ = {
			isa = XCBuildConfiguration;
			buildSettings = {
				ALWAYS_SEARCH_USER_PATHS = NO;
				CLANG_ANALYZER_NONNULL = YES;
				CLANG_ANALYZER_NUMBER_OBJECT_CONVERSION = YES_AGGRESSIVE;
				CLANG_CXX_LANGUAGE_STANDARD = "gnu++20";
				CLANG_ENABLE_MODULES = YES;
				CLANG_ENABLE_OBJC_ARC = YES;
				CLANG_ENABLE_OBJC_WEAK = YES;
				CLANG_WARN_BLOCK_CAPTURE_AUTORELEASING = YES;
				CLANG_WARN_BOOL_CONVERSION = YES;
				CLANG_WARN_COMMA = YES;
				CLANG_WARN_CONSTANT_CONVERSION = YES;
				CLANG_WARN_DEPRECATED_OBJC_IMPLEMENTATIONS = YES;
				CLANG_WARN_DIRECT_OBJC_ISA_USAGE = YES_ERROR;
				CLANG_WARN_DOCUMENTATION_COMMENTS = YES;
				CLANG_WARN_EMPTY_BODY = YES;
				CLANG_WARN_ENUM_CONVERSION = YES;
				CLANG_WARN_INFINITE_RECURSION = YES;
				CLANG_WARN_INT_CONVERSION = YES;
				CLANG_WARN_NON_LITERAL_NULL_CONVERSION = YES;
				CLANG_WARN_OBJC_IMPLICIT_RETAIN_SELF = YES;
				CLANG_WARN_OBJC_LITERAL_CONVERSION = YES;
				CLANG_WARN_OBJC_ROOT_CLASS = YES_ERROR;
				CLANG_WARN_QUOTED_INCLUDE_IN_FRAMEWORK_HEADER = YES;
				CLANG_WARN_RANGE_LOOP_ANALYSIS = YES;
				CLANG_WARN_STRICT_PROTOTYPES = YES;
				CLANG_WARN_SUSPICIOUS_MOVE = YES;
				CLANG_WARN_UNGUARDED_AVAILABILITY = YES_AGGRESSIVE;
				CLANG_WARN_UNREACHABLE_CODE = YES;
				CLANG_WARN__DUPLICATE_METHOD_MATCH = YES;
				COPY_PHASE_STRIP = NO;
				DEBUG_INFORMATION_FORMAT = "dwarf-with-dsym";
				ENABLE_NS_ASSERTIONS = NO;
				ENABLE_STRICT_OBJC_MSGSEND = YES;
				GCC_C_LANGUAGE_STANDARD = gnu11;
				GCC_NO_COMMON_BLOCKS = YES;
				GCC_WARN_64_TO_32_BIT_CONVERSION = YES;
				GCC_WARN_ABOUT_RETURN_TYPE = YES_ERROR;
				GCC_WARN_UNDECLARED_SELECTOR = YES;
				GCC_WARN_UNINITIALIZED_AUTOS = YES_AGGRESSIVE;
				GCC_WARN_UNUSED_FUNCTION = YES;
				GCC_WARN_UNUSED_VARIABLE = YES;
				IPHONEOS_DEPLOYMENT_TARGET = 16.4;
				MTL_ENABLE_DEBUG_INFO = NO;
				MTL_FAST_MATH = YES;
				SDKROOT = iphoneos;
				SWIFT_COMPILATION_MODE = wholemodule;
				SWIFT_OPTIMIZATION_LEVEL = "-O";
				VALIDATE_PRODUCT = YES;
			};
			name = Release;
		};
		B4EAD41329F6D7D9002A861B /* Debug */ = {
			isa = XCBuildConfiguration;
			buildSettings = {
				ASSETCATALOG_COMPILER_APPICON_NAME = AppIcon;
				ASSETCATALOG_COMPILER_GLOBAL_ACCENT_COLOR_NAME = AccentColor;
				CODE_SIGN_STYLE = Automatic;
				CURRENT_PROJECT_VERSION = 1;
				DEVELOPMENT_ASSET_PATHS = "\"Advent of Code 2016 Day 5/Preview Content\"";
				DEVELOPMENT_TEAM = J29R7N834Z;
				ENABLE_PREVIEWS = YES;
				GENERATE_INFOPLIST_FILE = YES;
				INFOPLIST_KEY_UIApplicationSceneManifest_Generation = YES;
				INFOPLIST_KEY_UIApplicationSupportsIndirectInputEvents = YES;
				INFOPLIST_KEY_UILaunchScreen_Generation = YES;
				INFOPLIST_KEY_UISupportedInterfaceOrientations_iPad = "UIInterfaceOrientationPortrait UIInterfaceOrientationPortraitUpsideDown UIInterfaceOrientationLandscapeLeft UIInterfaceOrientationLandscapeRight";
				INFOPLIST_KEY_UISupportedInterfaceOrientations_iPhone = "UIInterfaceOrientationPortrait UIInterfaceOrientationLandscapeLeft UIInterfaceOrientationLandscapeRight";
				LD_RUNPATH_SEARCH_PATHS = (
					"$(inherited)",
					"@executable_path/Frameworks",
				);
				MARKETING_VERSION = 1.0;
				PRODUCT_BUNDLE_IDENTIFIER = "com.leechristie.aoc-2016-day-5";
				PRODUCT_NAME = "$(TARGET_NAME)";
				SWIFT_EMIT_LOC_STRINGS = YES;
				SWIFT_VERSION = 5.0;
				TARGETED_DEVICE_FAMILY = "1,2";
			};
			name = Debug;
		};
		B4EAD41429F6D7D9002A861B /* Release */ = {
			isa = XCBuildConfiguration;
			buildSettings = {
				ASSETCATALOG_COMPILER_APPICON_NAME = AppIcon;
				ASSETCATALOG_COMPILER_GLOBAL_ACCENT_COLOR_NAME = AccentColor;
				CODE_SIGN_STYLE = Automatic;
				CURRENT_PROJECT_VERSION = 1;
				DEVELOPMENT_ASSET_PATHS = "\"Advent of Code 2016 Day 5/Preview Content\"";
				DEVELOPMENT_TEAM = J29R7N834Z;
				ENABLE_PREVIEWS = YES;
				GENERATE_INFOPLIST_FILE = YES;
				INFOPLIST_KEY_UIApplicationSceneManifest_Generation = YES;
				INFOPLIST_KEY_UIApplicationSupportsIndirectInputEvents = YES;
				INFOPLIST_KEY_UILaunchScreen_Generation = YES;
				INFOPLIST_KEY_UISupportedInterfaceOrientations_iPad = "UIInterfaceOrientationPortrait UIInterfaceOrientationPortraitUpsideDown UIInterfaceOrientationLandscapeLeft UIInterfaceOrientationLandscapeRight";
				INFOPLIST_KEY_UISupportedInterfaceOrientations_iPhone = "UIInterfaceOrientationPortrait UIInterfaceOrientationLandscapeLeft UIInterfaceOrientationLandscapeRight";
				LD_RUNPATH_SEARCH_PATHS = (
					"$(inherited)",
					"@executable_path/Frameworks",
				);
				MARKETING_VERSION = 1.0;
				PRODUCT_BUNDLE_IDENTIFIER = "com.leechristie.aoc-2016-day-5";
				PRODUCT_NAME = "$(TARGET_NAME)";
				SWIFT_EMIT_LOC_STRINGS = YES;
				SWIFT_VERSION = 5.0;
				TARGETED_DEVICE_FAMILY = "1,2";
			};
			name = Release;
		};
/* End XCBuildConfiguration section */

/* Begin XCConfigurationList section */
		B4EAD3FF29F6D7D7002A861B /* Build configuration list for PBXProject "Advent of Code 2016 Day 5" */ = {
			isa = XCConfigurationList;
			buildConfigurations = (
				B4EAD41029F6D7D9002A861B /* Debug */,
				B4EAD41129F6D7D9002A861B /* Release */,
			);
			defaultConfigurationIsVisible = 0;
			defaultConfigurationName = Release;
		};
		B4EAD41229F6D7D9002A861B /* Build configuration list for PBXNativeTarget "Advent of Code 2016 Day 5" */ = {
			isa = XCConfigurationList;
			buildConfigurations = (
				B4EAD41329F6D7D9002A861B /* Debug */,
				B4EAD41429F6D7D9002A861B /* Release */,
			);
			defaultConfigurationIsVisible = 0;
			defaultConfigurationName = Release;
		};
/* End XCConfigurationList section */
	};
	rootObject = B4EAD3FC29F6D7D7002A861B /* Project object */;
}
